// !$*UTF8*$!
{
	archiveVersion = 1;
	classes = {
	};
	objectVersion = 56;
	objects = {

/* Begin PBXBuildFile section */
		F9031B3D2985948A00E188BA /* OAuth2TokenStorage.swift in Sources */ = {isa = PBXBuildFile; fileRef = F9031B3C2985948A00E188BA /* OAuth2TokenStorage.swift */; };
		F90C89022995289F0061EB45 /* ProfileImageService.swift in Sources */ = {isa = PBXBuildFile; fileRef = F90C89012995289F0061EB45 /* ProfileImageService.swift */; };
		F91A335D2989664A00EE71A1 /* NetworkConnection.swift in Sources */ = {isa = PBXBuildFile; fileRef = F91A335C2989664A00EE71A1 /* NetworkConnection.swift */; };
		F91A335F298966B500EE71A1 /* URLRequest.swift in Sources */ = {isa = PBXBuildFile; fileRef = F91A335E298966B500EE71A1 /* URLRequest.swift */; };
		F91B9AF329A6086400CAC368 /* Data+Extension.swift in Sources */ = {isa = PBXBuildFile; fileRef = F91B9AF229A6086400CAC368 /* Data+Extension.swift */; };
		F91B9AF529A791C500CAC368 /* Notifications.swift in Sources */ = {isa = PBXBuildFile; fileRef = F91B9AF429A791C500CAC368 /* Notifications.swift */; };
		F91B9AF729A7D06C00CAC368 /* UIViewController+Extension.swift in Sources */ = {isa = PBXBuildFile; fileRef = F91B9AF629A7D06C00CAC368 /* UIViewController+Extension.swift */; };
		F91E95F329884C5200C9F073 /* SplashViewController.swift in Sources */ = {isa = PBXBuildFile; fileRef = F91E95F229884C5200C9F073 /* SplashViewController.swift */; };
		F9487D9029A146D10083236B /* ImageListService.swift in Sources */ = {isa = PBXBuildFile; fileRef = F9487D8F29A146D10083236B /* ImageListService.swift */; };
		F9487D9229A1491F0083236B /* Photo.swift in Sources */ = {isa = PBXBuildFile; fileRef = F9487D9129A1491F0083236B /* Photo.swift */; };
		F95633D729ACCFB2003A7CCF /* CAGradientLayer+Extension.swift in Sources */ = {isa = PBXBuildFile; fileRef = F95633D629ACCFB2003A7CCF /* CAGradientLayer+Extension.swift */; };
		F95633D929ACDD0A003A7CCF /* GradientView.swift in Sources */ = {isa = PBXBuildFile; fileRef = F95633D829ACDD0A003A7CCF /* GradientView.swift */; };
		F95633FF29AD4222003A7CCF /* CellViewModel.swift in Sources */ = {isa = PBXBuildFile; fileRef = F95633FE29AD4222003A7CCF /* CellViewModel.swift */; };
		F95B3B84298D660D00D1B688 /* ProgressHUD in Frameworks */ = {isa = PBXBuildFile; productRef = F95B3B83298D660D00D1B688 /* ProgressHUD */; };
		F963BD86297B2B38003AA3FE /* Constants.swift in Sources */ = {isa = PBXBuildFile; fileRef = F963BD85297B2B38003AA3FE /* Constants.swift */; };
		F9843EEF295847EA00EB2CF4 /* AppDelegate.swift in Sources */ = {isa = PBXBuildFile; fileRef = F9843EEE295847EA00EB2CF4 /* AppDelegate.swift */; };
		F9843EF1295847EA00EB2CF4 /* SceneDelegate.swift in Sources */ = {isa = PBXBuildFile; fileRef = F9843EF0295847EA00EB2CF4 /* SceneDelegate.swift */; };
		F9843EF8295847EC00EB2CF4 /* Assets.xcassets in Resources */ = {isa = PBXBuildFile; fileRef = F9843EF7295847EC00EB2CF4 /* Assets.xcassets */; };
		F9843EFB295847EC00EB2CF4 /* LaunchScreen.storyboard in Resources */ = {isa = PBXBuildFile; fileRef = F9843EF9295847EC00EB2CF4 /* LaunchScreen.storyboard */; };
		F9843F0729585B7100EB2CF4 /* UIColor+Extension.swift in Sources */ = {isa = PBXBuildFile; fileRef = F9843F0629585B7100EB2CF4 /* UIColor+Extension.swift */; };
		F9843F0A29585BD500EB2CF4 /* UIView+Extension.swift in Sources */ = {isa = PBXBuildFile; fileRef = F9843F0929585BD500EB2CF4 /* UIView+Extension.swift */; };
		F9843F132958618C00EB2CF4 /* ImagesListCell.swift in Sources */ = {isa = PBXBuildFile; fileRef = F9843F102958618C00EB2CF4 /* ImagesListCell.swift */; };
		F9843F142958618C00EB2CF4 /* ImagesListViewController.swift in Sources */ = {isa = PBXBuildFile; fileRef = F9843F112958618C00EB2CF4 /* ImagesListViewController.swift */; };
		F9843F1A295861CF00EB2CF4 /* ProfileViewController.swift in Sources */ = {isa = PBXBuildFile; fileRef = F9843F17295861CF00EB2CF4 /* ProfileViewController.swift */; };
		F9843F1B295861CF00EB2CF4 /* AuthViewController.swift in Sources */ = {isa = PBXBuildFile; fileRef = F9843F18295861CF00EB2CF4 /* AuthViewController.swift */; };
		F9843F1C295861CF00EB2CF4 /* TabBarViewController.swift in Sources */ = {isa = PBXBuildFile; fileRef = F9843F19295861CF00EB2CF4 /* TabBarViewController.swift */; };
		F9843F212958630E00EB2CF4 /* UIImage+Extension.swift in Sources */ = {isa = PBXBuildFile; fileRef = F9843F202958630E00EB2CF4 /* UIImage+Extension.swift */; };
		F9997652297D9A3D004B3ABD /* WebViewViewController.swift in Sources */ = {isa = PBXBuildFile; fileRef = F9997651297D9A3D004B3ABD /* WebViewViewController.swift */; };
		F9A541CA299A684800F4A21C /* ProfileService.swift in Sources */ = {isa = PBXBuildFile; fileRef = F9A541C9299A684800F4A21C /* ProfileService.swift */; };
		F9A541CC299A69A600F4A21C /* OAuth2Service.swift in Sources */ = {isa = PBXBuildFile; fileRef = F9A541CB299A69A600F4A21C /* OAuth2Service.swift */; };
		F9A541EE299BC2A100F4A21C /* Array+Extensions.swift in Sources */ = {isa = PBXBuildFile; fileRef = F9A541ED299BC2A100F4A21C /* Array+Extensions.swift */; };
		F9A584CE2962CD990055FC5D /* DetailImagesListViewController.swift in Sources */ = {isa = PBXBuildFile; fileRef = F9A584CD2962CD990055FC5D /* DetailImagesListViewController.swift */; };
		F9B1A5752958745E002D6394 /* Date+Extension.swift in Sources */ = {isa = PBXBuildFile; fileRef = F9B1A5742958745E002D6394 /* Date+Extension.swift */; };
		F9C3F9802998F6A100133F25 /* Kingfisher in Frameworks */ = {isa = PBXBuildFile; productRef = F9C3F97F2998F6A100133F25 /* Kingfisher */; };
		F9C3F98229994B8300133F25 /* UnsplashRequests.swift in Sources */ = {isa = PBXBuildFile; fileRef = F9C3F98129994B8300133F25 /* UnsplashRequests.swift */; };
		F9F39003299FBF090043CE8C /* SwiftKeychainWrapper in Frameworks */ = {isa = PBXBuildFile; productRef = F9F39002299FBF090043CE8C /* SwiftKeychainWrapper */; };
		F9F856C2299297DF00C0725F /* UIBlockingProgressHUD.swift in Sources */ = {isa = PBXBuildFile; fileRef = F9F856C1299297DF00C0725F /* UIBlockingProgressHUD.swift */; };
		F9F856C42992A52E00C0725F /* Profile.swift in Sources */ = {isa = PBXBuildFile; fileRef = F9F856C32992A52D00C0725F /* Profile.swift */; };
		F9F856C62992A60F00C0725F /* UserImage .swift in Sources */ = {isa = PBXBuildFile; fileRef = F9F856C52992A60F00C0725F /* UserImage .swift */; };
/* End PBXBuildFile section */

/* Begin PBXContainerItemProxy section */
		F9B735E229A28E3000620A63 /* PBXContainerItemProxy */ = {
			isa = PBXContainerItemProxy;
			containerPortal = F9843EE3295847EA00EB2CF4 /* Project object */;
			proxyType = 1;
			remoteGlobalIDString = F9843EEA295847EA00EB2CF4;
			remoteInfo = ImageList;
		};
/* End PBXContainerItemProxy section */

/* Begin PBXFileReference section */
		F9031B3C2985948A00E188BA /* OAuth2TokenStorage.swift */ = {isa = PBXFileReference; lastKnownFileType = sourcecode.swift; path = OAuth2TokenStorage.swift; sourceTree = "<group>"; };
		F90C89012995289F0061EB45 /* ProfileImageService.swift */ = {isa = PBXFileReference; lastKnownFileType = sourcecode.swift; path = ProfileImageService.swift; sourceTree = "<group>"; };
		F91A335C2989664A00EE71A1 /* NetworkConnection.swift */ = {isa = PBXFileReference; lastKnownFileType = sourcecode.swift; path = NetworkConnection.swift; sourceTree = "<group>"; };
		F91A335E298966B500EE71A1 /* URLRequest.swift */ = {isa = PBXFileReference; lastKnownFileType = sourcecode.swift; path = URLRequest.swift; sourceTree = "<group>"; };
		F91B9AF229A6086400CAC368 /* Data+Extension.swift */ = {isa = PBXFileReference; lastKnownFileType = sourcecode.swift; path = "Data+Extension.swift"; sourceTree = "<group>"; };
		F91B9AF429A791C500CAC368 /* Notifications.swift */ = {isa = PBXFileReference; lastKnownFileType = sourcecode.swift; path = Notifications.swift; sourceTree = "<group>"; };
		F91B9AF629A7D06C00CAC368 /* UIViewController+Extension.swift */ = {isa = PBXFileReference; lastKnownFileType = sourcecode.swift; path = "UIViewController+Extension.swift"; sourceTree = "<group>"; };
		F91E95F229884C5200C9F073 /* SplashViewController.swift */ = {isa = PBXFileReference; lastKnownFileType = sourcecode.swift; path = SplashViewController.swift; sourceTree = "<group>"; };
		F9487D8F29A146D10083236B /* ImageListService.swift */ = {isa = PBXFileReference; lastKnownFileType = sourcecode.swift; path = ImageListService.swift; sourceTree = "<group>"; };
		F9487D9129A1491F0083236B /* Photo.swift */ = {isa = PBXFileReference; lastKnownFileType = sourcecode.swift; path = Photo.swift; sourceTree = "<group>"; };
		F95633D629ACCFB2003A7CCF /* CAGradientLayer+Extension.swift */ = {isa = PBXFileReference; lastKnownFileType = sourcecode.swift; path = "CAGradientLayer+Extension.swift"; sourceTree = "<group>"; };
		F95633D829ACDD0A003A7CCF /* GradientView.swift */ = {isa = PBXFileReference; lastKnownFileType = sourcecode.swift; path = GradientView.swift; sourceTree = "<group>"; };
		F95633FE29AD4222003A7CCF /* CellViewModel.swift */ = {isa = PBXFileReference; lastKnownFileType = sourcecode.swift; path = CellViewModel.swift; sourceTree = "<group>"; };
		F963BD85297B2B38003AA3FE /* Constants.swift */ = {isa = PBXFileReference; lastKnownFileType = sourcecode.swift; path = Constants.swift; sourceTree = "<group>"; };
		F9843EEB295847EA00EB2CF4 /* ImageList.app */ = {isa = PBXFileReference; explicitFileType = wrapper.application; includeInIndex = 0; path = ImageList.app; sourceTree = BUILT_PRODUCTS_DIR; };
		F9843EEE295847EA00EB2CF4 /* AppDelegate.swift */ = {isa = PBXFileReference; lastKnownFileType = sourcecode.swift; path = AppDelegate.swift; sourceTree = "<group>"; };
		F9843EF0295847EA00EB2CF4 /* SceneDelegate.swift */ = {isa = PBXFileReference; lastKnownFileType = sourcecode.swift; path = SceneDelegate.swift; sourceTree = "<group>"; };
		F9843EF7295847EC00EB2CF4 /* Assets.xcassets */ = {isa = PBXFileReference; lastKnownFileType = folder.assetcatalog; path = Assets.xcassets; sourceTree = "<group>"; };
		F9843EFA295847EC00EB2CF4 /* Base */ = {isa = PBXFileReference; lastKnownFileType = file.storyboard; name = Base; path = Base.lproj/LaunchScreen.storyboard; sourceTree = "<group>"; };
		F9843EFC295847EC00EB2CF4 /* Info.plist */ = {isa = PBXFileReference; lastKnownFileType = text.plist.xml; path = Info.plist; sourceTree = "<group>"; };
		F9843F0629585B7100EB2CF4 /* UIColor+Extension.swift */ = {isa = PBXFileReference; lastKnownFileType = sourcecode.swift; path = "UIColor+Extension.swift"; sourceTree = "<group>"; };
		F9843F0929585BD500EB2CF4 /* UIView+Extension.swift */ = {isa = PBXFileReference; lastKnownFileType = sourcecode.swift; path = "UIView+Extension.swift"; sourceTree = "<group>"; };
		F9843F102958618C00EB2CF4 /* ImagesListCell.swift */ = {isa = PBXFileReference; fileEncoding = 4; lastKnownFileType = sourcecode.swift; path = ImagesListCell.swift; sourceTree = "<group>"; };
		F9843F112958618C00EB2CF4 /* ImagesListViewController.swift */ = {isa = PBXFileReference; fileEncoding = 4; lastKnownFileType = sourcecode.swift; path = ImagesListViewController.swift; sourceTree = "<group>"; };
		F9843F17295861CF00EB2CF4 /* ProfileViewController.swift */ = {isa = PBXFileReference; fileEncoding = 4; lastKnownFileType = sourcecode.swift; path = ProfileViewController.swift; sourceTree = "<group>"; };
		F9843F18295861CF00EB2CF4 /* AuthViewController.swift */ = {isa = PBXFileReference; fileEncoding = 4; lastKnownFileType = sourcecode.swift; path = AuthViewController.swift; sourceTree = "<group>"; };
		F9843F19295861CF00EB2CF4 /* TabBarViewController.swift */ = {isa = PBXFileReference; fileEncoding = 4; lastKnownFileType = sourcecode.swift; path = TabBarViewController.swift; sourceTree = "<group>"; };
		F9843F202958630E00EB2CF4 /* UIImage+Extension.swift */ = {isa = PBXFileReference; lastKnownFileType = sourcecode.swift; path = "UIImage+Extension.swift"; sourceTree = "<group>"; };
		F9997651297D9A3D004B3ABD /* WebViewViewController.swift */ = {isa = PBXFileReference; lastKnownFileType = sourcecode.swift; path = WebViewViewController.swift; sourceTree = "<group>"; };
		F9A541C9299A684800F4A21C /* ProfileService.swift */ = {isa = PBXFileReference; lastKnownFileType = sourcecode.swift; path = ProfileService.swift; sourceTree = "<group>"; };
		F9A541CB299A69A600F4A21C /* OAuth2Service.swift */ = {isa = PBXFileReference; lastKnownFileType = sourcecode.swift; path = OAuth2Service.swift; sourceTree = "<group>"; };
		F9A541ED299BC2A100F4A21C /* Array+Extensions.swift */ = {isa = PBXFileReference; lastKnownFileType = sourcecode.swift; path = "Array+Extensions.swift"; sourceTree = "<group>"; };
		F9A584CD2962CD990055FC5D /* DetailImagesListViewController.swift */ = {isa = PBXFileReference; lastKnownFileType = sourcecode.swift; path = DetailImagesListViewController.swift; sourceTree = "<group>"; };
		F9B1A5742958745E002D6394 /* Date+Extension.swift */ = {isa = PBXFileReference; lastKnownFileType = sourcecode.swift; path = "Date+Extension.swift"; sourceTree = "<group>"; };
		F9B735DE29A28E3000620A63 /* ImageListTests.xctest */ = {isa = PBXFileReference; explicitFileType = wrapper.cfbundle; includeInIndex = 0; path = ImageListTests.xctest; sourceTree = BUILT_PRODUCTS_DIR; };
		F9C3F98129994B8300133F25 /* UnsplashRequests.swift */ = {isa = PBXFileReference; lastKnownFileType = sourcecode.swift; path = UnsplashRequests.swift; sourceTree = "<group>"; };
		F9F856C1299297DF00C0725F /* UIBlockingProgressHUD.swift */ = {isa = PBXFileReference; lastKnownFileType = sourcecode.swift; path = UIBlockingProgressHUD.swift; sourceTree = "<group>"; };
		F9F856C32992A52D00C0725F /* Profile.swift */ = {isa = PBXFileReference; lastKnownFileType = sourcecode.swift; path = Profile.swift; sourceTree = "<group>"; };
		F9F856C52992A60F00C0725F /* UserImage .swift */ = {isa = PBXFileReference; lastKnownFileType = sourcecode.swift; path = "UserImage .swift"; sourceTree = "<group>"; };
/* End PBXFileReference section */

/* Begin PBXFrameworksBuildPhase section */
		F9843EE8295847EA00EB2CF4 /* Frameworks */ = {
			isa = PBXFrameworksBuildPhase;
			buildActionMask = 2147483647;
			files = (
				F9C3F9802998F6A100133F25 /* Kingfisher in Frameworks */,
				F95B3B84298D660D00D1B688 /* ProgressHUD in Frameworks */,
				F9F39003299FBF090043CE8C /* SwiftKeychainWrapper in Frameworks */,
			);
			runOnlyForDeploymentPostprocessing = 0;
		};
		F9B735DB29A28E3000620A63 /* Frameworks */ = {
			isa = PBXFrameworksBuildPhase;
			buildActionMask = 2147483647;
			files = (
			);
			runOnlyForDeploymentPostprocessing = 0;
		};
/* End PBXFrameworksBuildPhase section */

/* Begin PBXGroup section */
		F9594AA7295C4B02000C9253 /* Theme */ = {
			isa = PBXGroup;
			children = (
				F9843F0629585B7100EB2CF4 /* UIColor+Extension.swift */,
				F9843F202958630E00EB2CF4 /* UIImage+Extension.swift */,
				F91B9AF229A6086400CAC368 /* Data+Extension.swift */,
			);
			path = Theme;
			sourceTree = "<group>";
		};
		F96083A7296D89C700986DBE /* RegistrationFlow */ = {
			isa = PBXGroup;
			children = (
				F91E95F229884C5200C9F073 /* SplashViewController.swift */,
				F9843F18295861CF00EB2CF4 /* AuthViewController.swift */,
				F9997651297D9A3D004B3ABD /* WebViewViewController.swift */,
			);
			path = RegistrationFlow;
			sourceTree = "<group>";
		};
		F96083A8296D8C0500986DBE /* Services */ = {
			isa = PBXGroup;
			children = (
				F9A541CB299A69A600F4A21C /* OAuth2Service.swift */,
				F9A541C9299A684800F4A21C /* ProfileService.swift */,
				F90C89012995289F0061EB45 /* ProfileImageService.swift */,
				F9487D8F29A146D10083236B /* ImageListService.swift */,
				F9031B3C2985948A00E188BA /* OAuth2TokenStorage.swift */,
			);
			path = Services;
			sourceTree = "<group>";
		};
		F9843EE2295847EA00EB2CF4 = {
			isa = PBXGroup;
			children = (
				F9843EED295847EA00EB2CF4 /* ImageList */,
				F9843EEC295847EA00EB2CF4 /* Products */,
			);
			sourceTree = "<group>";
		};
		F9843EEC295847EA00EB2CF4 /* Products */ = {
			isa = PBXGroup;
			children = (
				F9843EEB295847EA00EB2CF4 /* ImageList.app */,
				F9B735DE29A28E3000620A63 /* ImageListTests.xctest */,
			);
			name = Products;
			sourceTree = "<group>";
		};
		F9843EED295847EA00EB2CF4 /* ImageList */ = {
			isa = PBXGroup;
			children = (
				F9843EEE295847EA00EB2CF4 /* AppDelegate.swift */,
				F9843EF0295847EA00EB2CF4 /* SceneDelegate.swift */,
				F963BD85297B2B38003AA3FE /* Constants.swift */,
				F9843F0B2958610000EB2CF4 /* Models */,
				F9EA433F2982E301007E1F20 /* APIClient */,
				F96083A8296D8C0500986DBE /* Services */,
				F9FD3F3B299D67730071F9FF /* ViewControllers */,
				F9843F0829585BB500EB2CF4 /* Helper */,
				F9843F0E2958614F00EB2CF4 /* Resources */,
				F9843EFC295847EC00EB2CF4 /* Info.plist */,
			);
			path = ImageList;
			sourceTree = "<group>";
		};
		F9843F0829585BB500EB2CF4 /* Helper */ = {
			isa = PBXGroup;
			children = (
				F9594AA7295C4B02000C9253 /* Theme */,
				F9B1A5742958745E002D6394 /* Date+Extension.swift */,
				F91B9AF629A7D06C00CAC368 /* UIViewController+Extension.swift */,
				F9843F0929585BD500EB2CF4 /* UIView+Extension.swift */,
				F95633D629ACCFB2003A7CCF /* CAGradientLayer+Extension.swift */,
				F9A541ED299BC2A100F4A21C /* Array+Extensions.swift */,
				F9F856C1299297DF00C0725F /* UIBlockingProgressHUD.swift */,
			);
			path = Helper;
			sourceTree = "<group>";
		};
		F9843F0B2958610000EB2CF4 /* Models */ = {
			isa = PBXGroup;
			children = (
				F9F856C32992A52D00C0725F /* Profile.swift */,
				F9F856C52992A60F00C0725F /* UserImage .swift */,
				F9487D9129A1491F0083236B /* Photo.swift */,
				F91B9AF429A791C500CAC368 /* Notifications.swift */,
				F95633FE29AD4222003A7CCF /* CellViewModel.swift */,
			);
			path = Models;
			sourceTree = "<group>";
		};
		F9843F0E2958614F00EB2CF4 /* Resources */ = {
			isa = PBXGroup;
			children = (
				F9843EF9295847EC00EB2CF4 /* LaunchScreen.storyboard */,
				F9843EF7295847EC00EB2CF4 /* Assets.xcassets */,
			);
			path = Resources;
			sourceTree = "<group>";
		};
		F9DA07DF296C974400F210D9 /* ProfileScreenFlow */ = {
			isa = PBXGroup;
			children = (
				F9843F17295861CF00EB2CF4 /* ProfileViewController.swift */,
				F95633D829ACDD0A003A7CCF /* GradientView.swift */,
			);
			path = ProfileScreenFlow;
			sourceTree = "<group>";
		};
		F9DA07E2296C9A2D00F210D9 /* ImageListFlow */ = {
			isa = PBXGroup;
			children = (
				F9843F112958618C00EB2CF4 /* ImagesListViewController.swift */,
				F9843F102958618C00EB2CF4 /* ImagesListCell.swift */,
				F9A584CD2962CD990055FC5D /* DetailImagesListViewController.swift */,
			);
			path = ImageListFlow;
			sourceTree = "<group>";
		};
		F9EA433F2982E301007E1F20 /* APIClient */ = {
			isa = PBXGroup;
			children = (
				F9C3F98129994B8300133F25 /* UnsplashRequests.swift */,
				F91A335E298966B500EE71A1 /* URLRequest.swift */,
				F91A335C2989664A00EE71A1 /* NetworkConnection.swift */,
			);
			path = APIClient;
			sourceTree = "<group>";
		};
		F9FD3F3A299D56E70071F9FF /* TabBar */ = {
			isa = PBXGroup;
			children = (
				F9843F19295861CF00EB2CF4 /* TabBarViewController.swift */,
			);
			path = TabBar;
			sourceTree = "<group>";
		};
		F9FD3F3B299D67730071F9FF /* ViewControllers */ = {
			isa = PBXGroup;
			children = (
				F96083A7296D89C700986DBE /* RegistrationFlow */,
				F9DA07E2296C9A2D00F210D9 /* ImageListFlow */,
				F9DA07DF296C974400F210D9 /* ProfileScreenFlow */,
				F9FD3F3A299D56E70071F9FF /* TabBar */,
			);
			path = ViewControllers;
			sourceTree = "<group>";
		};
/* End PBXGroup section */

/* Begin PBXNativeTarget section */
		F9843EEA295847EA00EB2CF4 /* ImageList */ = {
			isa = PBXNativeTarget;
			buildConfigurationList = F9843EFF295847EC00EB2CF4 /* Build configuration list for PBXNativeTarget "ImageList" */;
			buildPhases = (
				F9B1A57629587B91002D6394 /* SwiftLint */,
				F9843EE7295847EA00EB2CF4 /* Sources */,
				F9843EE8295847EA00EB2CF4 /* Frameworks */,
				F9843EE9295847EA00EB2CF4 /* Resources */,
			);
			buildRules = (
			);
			dependencies = (
			);
			name = ImageList;
			packageProductDependencies = (
				F95B3B83298D660D00D1B688 /* ProgressHUD */,
				F9C3F97F2998F6A100133F25 /* Kingfisher */,
				F9F39002299FBF090043CE8C /* SwiftKeychainWrapper */,
			);
			productName = ImageList;
			productReference = F9843EEB295847EA00EB2CF4 /* ImageList.app */;
			productType = "com.apple.product-type.application";
		};
		F9B735DD29A28E3000620A63 /* ImageListTests */ = {
			isa = PBXNativeTarget;
			buildConfigurationList = F9B735E629A28E3100620A63 /* Build configuration list for PBXNativeTarget "ImageListTests" */;
			buildPhases = (
				F9B735DA29A28E3000620A63 /* Sources */,
				F9B735DB29A28E3000620A63 /* Frameworks */,
				F9B735DC29A28E3000620A63 /* Resources */,
			);
			buildRules = (
			);
			dependencies = (
				F9B735E329A28E3000620A63 /* PBXTargetDependency */,
			);
			name = ImageListTests;
			productName = ImageListTests;
			productReference = F9B735DE29A28E3000620A63 /* ImageListTests.xctest */;
			productType = "com.apple.product-type.bundle.unit-test";
		};
/* End PBXNativeTarget section */

/* Begin PBXProject section */
		F9843EE3295847EA00EB2CF4 /* Project object */ = {
			isa = PBXProject;
			attributes = {
				BuildIndependentTargetsInParallel = 1;
				LastSwiftUpdateCheck = 1420;
				LastUpgradeCheck = 1420;
				TargetAttributes = {
					F9843EEA295847EA00EB2CF4 = {
						CreatedOnToolsVersion = 14.2;
					};
					F9B735DD29A28E3000620A63 = {
						CreatedOnToolsVersion = 14.2;
						TestTargetID = F9843EEA295847EA00EB2CF4;
					};
				};
			};
			buildConfigurationList = F9843EE6295847EA00EB2CF4 /* Build configuration list for PBXProject "ImageList" */;
			compatibilityVersion = "Xcode 14.0";
			developmentRegion = en;
			hasScannedForEncodings = 0;
			knownRegions = (
				en,
				Base,
			);
			mainGroup = F9843EE2295847EA00EB2CF4;
			packageReferences = (
				F95B3B82298D660D00D1B688 /* XCRemoteSwiftPackageReference "ProgressHUD" */,
				F9C3F97E2998F6A100133F25 /* XCRemoteSwiftPackageReference "Kingfisher" */,
				F9F39001299FBF090043CE8C /* XCRemoteSwiftPackageReference "SwiftKeychainWrapper" */,
			);
			productRefGroup = F9843EEC295847EA00EB2CF4 /* Products */;
			projectDirPath = "";
			projectRoot = "";
			targets = (
				F9843EEA295847EA00EB2CF4 /* ImageList */,
				F9B735DD29A28E3000620A63 /* ImageListTests */,
			);
		};
/* End PBXProject section */

/* Begin PBXResourcesBuildPhase section */
		F9843EE9295847EA00EB2CF4 /* Resources */ = {
			isa = PBXResourcesBuildPhase;
			buildActionMask = 2147483647;
			files = (
				F9843EFB295847EC00EB2CF4 /* LaunchScreen.storyboard in Resources */,
				F9843EF8295847EC00EB2CF4 /* Assets.xcassets in Resources */,
			);
			runOnlyForDeploymentPostprocessing = 0;
		};
		F9B735DC29A28E3000620A63 /* Resources */ = {
			isa = PBXResourcesBuildPhase;
			buildActionMask = 2147483647;
			files = (
			);
			runOnlyForDeploymentPostprocessing = 0;
		};
/* End PBXResourcesBuildPhase section */

/* Begin PBXShellScriptBuildPhase section */
		F9B1A57629587B91002D6394 /* SwiftLint */ = {
			isa = PBXShellScriptBuildPhase;
			alwaysOutOfDate = 1;
			buildActionMask = 12;
			files = (
			);
			inputFileListPaths = (
			);
			inputPaths = (
			);
			name = SwiftLint;
			outputFileListPaths = (
			);
			outputPaths = (
			);
			runOnlyForDeploymentPostprocessing = 0;
			shellPath = /bin/sh;
			shellScript = "export PATH=\"$PATH:/opt/homebrew/bin\"\nif which swiftlint > /dev/null; then\n  swiftlint\nelse\n  echo \"warning: SwiftLint not installed, download from https://github.com/realm/SwiftLint\"\nfi\n";
		};
/* End PBXShellScriptBuildPhase section */

/* Begin PBXSourcesBuildPhase section */
		F9843EE7295847EA00EB2CF4 /* Sources */ = {
			isa = PBXSourcesBuildPhase;
			buildActionMask = 2147483647;
			files = (
				F91B9AF529A791C500CAC368 /* Notifications.swift in Sources */,
				F9843F212958630E00EB2CF4 /* UIImage+Extension.swift in Sources */,
				F95633D929ACDD0A003A7CCF /* GradientView.swift in Sources */,
				F963BD86297B2B38003AA3FE /* Constants.swift in Sources */,
				F9843F1B295861CF00EB2CF4 /* AuthViewController.swift in Sources */,
				F9B1A5752958745E002D6394 /* Date+Extension.swift in Sources */,
				F9487D9029A146D10083236B /* ImageListService.swift in Sources */,
				F9A541CC299A69A600F4A21C /* OAuth2Service.swift in Sources */,
				F91E95F329884C5200C9F073 /* SplashViewController.swift in Sources */,
				F91B9AF329A6086400CAC368 /* Data+Extension.swift in Sources */,
				F9843F1A295861CF00EB2CF4 /* ProfileViewController.swift in Sources */,
				F95633FF29AD4222003A7CCF /* CellViewModel.swift in Sources */,
				F9843F1C295861CF00EB2CF4 /* TabBarViewController.swift in Sources */,
				F91B9AF729A7D06C00CAC368 /* UIViewController+Extension.swift in Sources */,
				F9A541EE299BC2A100F4A21C /* Array+Extensions.swift in Sources */,
				F9843F142958618C00EB2CF4 /* ImagesListViewController.swift in Sources */,
				F9997652297D9A3D004B3ABD /* WebViewViewController.swift in Sources */,
				F9031B3D2985948A00E188BA /* OAuth2TokenStorage.swift in Sources */,
				F9A584CE2962CD990055FC5D /* DetailImagesListViewController.swift in Sources */,
				F9F856C62992A60F00C0725F /* UserImage .swift in Sources */,
				F9487D9229A1491F0083236B /* Photo.swift in Sources */,
				F9843EEF295847EA00EB2CF4 /* AppDelegate.swift in Sources */,
				F9A541CA299A684800F4A21C /* ProfileService.swift in Sources */,
				F9F856C42992A52E00C0725F /* Profile.swift in Sources */,
				F9843F132958618C00EB2CF4 /* ImagesListCell.swift in Sources */,
				F90C89022995289F0061EB45 /* ProfileImageService.swift in Sources */,
				F91A335F298966B500EE71A1 /* URLRequest.swift in Sources */,
				F9843EF1295847EA00EB2CF4 /* SceneDelegate.swift in Sources */,
				F91A335D2989664A00EE71A1 /* NetworkConnection.swift in Sources */,
				F9C3F98229994B8300133F25 /* UnsplashRequests.swift in Sources */,
				F9843F0A29585BD500EB2CF4 /* UIView+Extension.swift in Sources */,
				F9843F0729585B7100EB2CF4 /* UIColor+Extension.swift in Sources */,
				F95633D729ACCFB2003A7CCF /* CAGradientLayer+Extension.swift in Sources */,
				F9F856C2299297DF00C0725F /* UIBlockingProgressHUD.swift in Sources */,
			);
			runOnlyForDeploymentPostprocessing = 0;
		};
		F9B735DA29A28E3000620A63 /* Sources */ = {
			isa = PBXSourcesBuildPhase;
			buildActionMask = 2147483647;
			files = (
			);
			runOnlyForDeploymentPostprocessing = 0;
		};
/* End PBXSourcesBuildPhase section */

/* Begin PBXTargetDependency section */
		F9B735E329A28E3000620A63 /* PBXTargetDependency */ = {
			isa = PBXTargetDependency;
			target = F9843EEA295847EA00EB2CF4 /* ImageList */;
			targetProxy = F9B735E229A28E3000620A63 /* PBXContainerItemProxy */;
		};
/* End PBXTargetDependency section */

/* Begin PBXVariantGroup section */
		F9843EF9295847EC00EB2CF4 /* LaunchScreen.storyboard */ = {
			isa = PBXVariantGroup;
			children = (
				F9843EFA295847EC00EB2CF4 /* Base */,
			);
			name = LaunchScreen.storyboard;
			sourceTree = "<group>";
		};
/* End PBXVariantGroup section */

/* Begin XCBuildConfiguration section */
		F9843EFD295847EC00EB2CF4 /* Debug */ = {
			isa = XCBuildConfiguration;
			buildSettings = {
				ALWAYS_SEARCH_USER_PATHS = NO;
				CLANG_ANALYZER_NONNULL = YES;
				CLANG_ANALYZER_NUMBER_OBJECT_CONVERSION = YES_AGGRESSIVE;
				CLANG_CXX_LANGUAGE_STANDARD = "gnu++20";
				CLANG_ENABLE_MODULES = YES;
				CLANG_ENABLE_OBJC_ARC = YES;
				CLANG_ENABLE_OBJC_WEAK = YES;
				CLANG_WARN_BLOCK_CAPTURE_AUTORELEASING = YES;
				CLANG_WARN_BOOL_CONVERSION = YES;
				CLANG_WARN_COMMA = YES;
				CLANG_WARN_CONSTANT_CONVERSION = YES;
				CLANG_WARN_DEPRECATED_OBJC_IMPLEMENTATIONS = YES;
				CLANG_WARN_DIRECT_OBJC_ISA_USAGE = YES_ERROR;
				CLANG_WARN_DOCUMENTATION_COMMENTS = YES;
				CLANG_WARN_EMPTY_BODY = YES;
				CLANG_WARN_ENUM_CONVERSION = YES;
				CLANG_WARN_INFINITE_RECURSION = YES;
				CLANG_WARN_INT_CONVERSION = YES;
				CLANG_WARN_NON_LITERAL_NULL_CONVERSION = YES;
				CLANG_WARN_OBJC_IMPLICIT_RETAIN_SELF = YES;
				CLANG_WARN_OBJC_LITERAL_CONVERSION = YES;
				CLANG_WARN_OBJC_ROOT_CLASS = YES_ERROR;
				CLANG_WARN_QUOTED_INCLUDE_IN_FRAMEWORK_HEADER = YES;
				CLANG_WARN_RANGE_LOOP_ANALYSIS = YES;
				CLANG_WARN_STRICT_PROTOTYPES = YES;
				CLANG_WARN_SUSPICIOUS_MOVE = YES;
				CLANG_WARN_UNGUARDED_AVAILABILITY = YES_AGGRESSIVE;
				CLANG_WARN_UNREACHABLE_CODE = YES;
				CLANG_WARN__DUPLICATE_METHOD_MATCH = YES;
				COPY_PHASE_STRIP = NO;
				DEBUG_INFORMATION_FORMAT = dwarf;
				ENABLE_STRICT_OBJC_MSGSEND = YES;
				ENABLE_TESTABILITY = YES;
				GCC_C_LANGUAGE_STANDARD = gnu11;
				GCC_DYNAMIC_NO_PIC = NO;
				GCC_NO_COMMON_BLOCKS = YES;
				GCC_OPTIMIZATION_LEVEL = 0;
				GCC_PREPROCESSOR_DEFINITIONS = (
					"DEBUG=1",
					"$(inherited)",
				);
				GCC_WARN_64_TO_32_BIT_CONVERSION = YES;
				GCC_WARN_ABOUT_RETURN_TYPE = YES_ERROR;
				GCC_WARN_UNDECLARED_SELECTOR = YES;
				GCC_WARN_UNINITIALIZED_AUTOS = YES_AGGRESSIVE;
				GCC_WARN_UNUSED_FUNCTION = YES;
				GCC_WARN_UNUSED_VARIABLE = YES;
				IPHONEOS_DEPLOYMENT_TARGET = 13.0;
				MTL_ENABLE_DEBUG_INFO = INCLUDE_SOURCE;
				MTL_FAST_MATH = YES;
				ONLY_ACTIVE_ARCH = YES;
				SDKROOT = iphoneos;
				SWIFT_ACTIVE_COMPILATION_CONDITIONS = DEBUG;
				SWIFT_OPTIMIZATION_LEVEL = "-Onone";
			};
			name = Debug;
		};
		F9843EFE295847EC00EB2CF4 /* Release */ = {
			isa = XCBuildConfiguration;
			buildSettings = {
				ALWAYS_SEARCH_USER_PATHS = NO;
				CLANG_ANALYZER_NONNULL = YES;
				CLANG_ANALYZER_NUMBER_OBJECT_CONVERSION = YES_AGGRESSIVE;
				CLANG_CXX_LANGUAGE_STANDARD = "gnu++20";
				CLANG_ENABLE_MODULES = YES;
				CLANG_ENABLE_OBJC_ARC = YES;
				CLANG_ENABLE_OBJC_WEAK = YES;
				CLANG_WARN_BLOCK_CAPTURE_AUTORELEASING = YES;
				CLANG_WARN_BOOL_CONVERSION = YES;
				CLANG_WARN_COMMA = YES;
				CLANG_WARN_CONSTANT_CONVERSION = YES;
				CLANG_WARN_DEPRECATED_OBJC_IMPLEMENTATIONS = YES;
				CLANG_WARN_DIRECT_OBJC_ISA_USAGE = YES_ERROR;
				CLANG_WARN_DOCUMENTATION_COMMENTS = YES;
				CLANG_WARN_EMPTY_BODY = YES;
				CLANG_WARN_ENUM_CONVERSION = YES;
				CLANG_WARN_INFINITE_RECURSION = YES;
				CLANG_WARN_INT_CONVERSION = YES;
				CLANG_WARN_NON_LITERAL_NULL_CONVERSION = YES;
				CLANG_WARN_OBJC_IMPLICIT_RETAIN_SELF = YES;
				CLANG_WARN_OBJC_LITERAL_CONVERSION = YES;
				CLANG_WARN_OBJC_ROOT_CLASS = YES_ERROR;
				CLANG_WARN_QUOTED_INCLUDE_IN_FRAMEWORK_HEADER = YES;
				CLANG_WARN_RANGE_LOOP_ANALYSIS = YES;
				CLANG_WARN_STRICT_PROTOTYPES = YES;
				CLANG_WARN_SUSPICIOUS_MOVE = YES;
				CLANG_WARN_UNGUARDED_AVAILABILITY = YES_AGGRESSIVE;
				CLANG_WARN_UNREACHABLE_CODE = YES;
				CLANG_WARN__DUPLICATE_METHOD_MATCH = YES;
				COPY_PHASE_STRIP = NO;
				DEBUG_INFORMATION_FORMAT = "dwarf-with-dsym";
				ENABLE_NS_ASSERTIONS = NO;
				ENABLE_STRICT_OBJC_MSGSEND = YES;
				GCC_C_LANGUAGE_STANDARD = gnu11;
				GCC_NO_COMMON_BLOCKS = YES;
				GCC_WARN_64_TO_32_BIT_CONVERSION = YES;
				GCC_WARN_ABOUT_RETURN_TYPE = YES_ERROR;
				GCC_WARN_UNDECLARED_SELECTOR = YES;
				GCC_WARN_UNINITIALIZED_AUTOS = YES_AGGRESSIVE;
				GCC_WARN_UNUSED_FUNCTION = YES;
				GCC_WARN_UNUSED_VARIABLE = YES;
				IPHONEOS_DEPLOYMENT_TARGET = 13.0;
				MTL_ENABLE_DEBUG_INFO = NO;
				MTL_FAST_MATH = YES;
				SDKROOT = iphoneos;
				SWIFT_COMPILATION_MODE = wholemodule;
				SWIFT_OPTIMIZATION_LEVEL = "-O";
				VALIDATE_PRODUCT = YES;
			};
			name = Release;
		};
		F9843F00295847EC00EB2CF4 /* Debug */ = {
			isa = XCBuildConfiguration;
			buildSettings = {
				ASSETCATALOG_COMPILER_APPICON_NAME = AppIcon;
				ASSETCATALOG_COMPILER_GLOBAL_ACCENT_COLOR_NAME = AccentColor;
				CODE_SIGN_STYLE = Automatic;
				CURRENT_PROJECT_VERSION = 1;
				DEVELOPMENT_TEAM = LQ88P485N9;
				GENERATE_INFOPLIST_FILE = YES;
				INFOPLIST_FILE = ImageList/Info.plist;
				INFOPLIST_KEY_NSPhotoLibraryAddUsageDescription = "The app wants to save image to your iPhone";
				INFOPLIST_KEY_UIApplicationSupportsIndirectInputEvents = YES;
				INFOPLIST_KEY_UILaunchStoryboardName = LaunchScreen;
				INFOPLIST_KEY_UIStatusBarHidden = NO;
				INFOPLIST_KEY_UIStatusBarStyle = UIStatusBarStyleDefault;
				INFOPLIST_KEY_UISupportedInterfaceOrientations = UIInterfaceOrientationPortrait;
				IPHONEOS_DEPLOYMENT_TARGET = 13.0;
				LD_RUNPATH_SEARCH_PATHS = (
					"$(inherited)",
					"@executable_path/Frameworks",
				);
				MARKETING_VERSION = 1.0;
				PRODUCT_BUNDLE_IDENTIFIER = qwe.ImageList;
				PRODUCT_NAME = "$(TARGET_NAME)";
				SUPPORTED_PLATFORMS = "iphoneos iphonesimulator";
				SUPPORTS_MACCATALYST = NO;
				SUPPORTS_MAC_DESIGNED_FOR_IPHONE_IPAD = NO;
				SWIFT_EMIT_LOC_STRINGS = YES;
				SWIFT_VERSION = 5.0;
				TARGETED_DEVICE_FAMILY = 1;
			};
			name = Debug;
		};
		F9843F01295847EC00EB2CF4 /* Release */ = {
			isa = XCBuildConfiguration;
			buildSettings = {
				ASSETCATALOG_COMPILER_APPICON_NAME = AppIcon;
				ASSETCATALOG_COMPILER_GLOBAL_ACCENT_COLOR_NAME = AccentColor;
				CODE_SIGN_STYLE = Automatic;
				CURRENT_PROJECT_VERSION = 1;
				DEVELOPMENT_TEAM = LQ88P485N9;
				GENERATE_INFOPLIST_FILE = YES;
				INFOPLIST_FILE = ImageList/Info.plist;
				INFOPLIST_KEY_NSPhotoLibraryAddUsageDescription = "The app wants to save image to your iPhone";
				INFOPLIST_KEY_UIApplicationSupportsIndirectInputEvents = YES;
				INFOPLIST_KEY_UILaunchStoryboardName = LaunchScreen;
				INFOPLIST_KEY_UIStatusBarHidden = NO;
				INFOPLIST_KEY_UIStatusBarStyle = UIStatusBarStyleDefault;
				INFOPLIST_KEY_UISupportedInterfaceOrientations = UIInterfaceOrientationPortrait;
				IPHONEOS_DEPLOYMENT_TARGET = 13.0;
				LD_RUNPATH_SEARCH_PATHS = (
					"$(inherited)",
					"@executable_path/Frameworks",
				);
				MARKETING_VERSION = 1.0;
				PRODUCT_BUNDLE_IDENTIFIER = qwe.ImageList;
				PRODUCT_NAME = "$(TARGET_NAME)";
				SUPPORTED_PLATFORMS = "iphoneos iphonesimulator";
				SUPPORTS_MACCATALYST = NO;
				SUPPORTS_MAC_DESIGNED_FOR_IPHONE_IPAD = NO;
				SWIFT_EMIT_LOC_STRINGS = YES;
				SWIFT_VERSION = 5.0;
				TARGETED_DEVICE_FAMILY = 1;
			};
			name = Release;
		};
		F9B735E429A28E3100620A63 /* Debug */ = {
			isa = XCBuildConfiguration;
			buildSettings = {
				BUNDLE_LOADER = "$(TEST_HOST)";
				CODE_SIGN_STYLE = Automatic;
				CURRENT_PROJECT_VERSION = 1;
				DEVELOPMENT_TEAM = LQ88P485N9;
				GENERATE_INFOPLIST_FILE = YES;
				IPHONEOS_DEPLOYMENT_TARGET = 16.2;
				MARKETING_VERSION = 1.0;
				PRODUCT_BUNDLE_IDENTIFIER = qwe.ImageListTests;
				PRODUCT_NAME = "$(TARGET_NAME)";
				SWIFT_EMIT_LOC_STRINGS = NO;
				SWIFT_VERSION = 5.0;
				TARGETED_DEVICE_FAMILY = "1,2";
				TEST_HOST = "$(BUILT_PRODUCTS_DIR)/ImageList.app/$(BUNDLE_EXECUTABLE_FOLDER_PATH)/ImageList";
			};
			name = Debug;
		};
		F9B735E529A28E3100620A63 /* Release */ = {
			isa = XCBuildConfiguration;
			buildSettings = {
				BUNDLE_LOADER = "$(TEST_HOST)";
				CODE_SIGN_STYLE = Automatic;
				CURRENT_PROJECT_VERSION = 1;
				DEVELOPMENT_TEAM = LQ88P485N9;
				GENERATE_INFOPLIST_FILE = YES;
				IPHONEOS_DEPLOYMENT_TARGET = 16.2;
				MARKETING_VERSION = 1.0;
				PRODUCT_BUNDLE_IDENTIFIER = qwe.ImageListTests;
				PRODUCT_NAME = "$(TARGET_NAME)";
				SWIFT_EMIT_LOC_STRINGS = NO;
				SWIFT_VERSION = 5.0;
				TARGETED_DEVICE_FAMILY = "1,2";
				TEST_HOST = "$(BUILT_PRODUCTS_DIR)/ImageList.app/$(BUNDLE_EXECUTABLE_FOLDER_PATH)/ImageList";
			};
			name = Release;
		};
/* End XCBuildConfiguration section */

/* Begin XCConfigurationList section */
		F9843EE6295847EA00EB2CF4 /* Build configuration list for PBXProject "ImageList" */ = {
			isa = XCConfigurationList;
			buildConfigurations = (
				F9843EFD295847EC00EB2CF4 /* Debug */,
				F9843EFE295847EC00EB2CF4 /* Release */,
			);
			defaultConfigurationIsVisible = 0;
			defaultConfigurationName = Release;
		};
		F9843EFF295847EC00EB2CF4 /* Build configuration list for PBXNativeTarget "ImageList" */ = {
			isa = XCConfigurationList;
			buildConfigurations = (
				F9843F00295847EC00EB2CF4 /* Debug */,
				F9843F01295847EC00EB2CF4 /* Release */,
			);
			defaultConfigurationIsVisible = 0;
			defaultConfigurationName = Release;
		};
		F9B735E629A28E3100620A63 /* Build configuration list for PBXNativeTarget "ImageListTests" */ = {
			isa = XCConfigurationList;
			buildConfigurations = (
				F9B735E429A28E3100620A63 /* Debug */,
				F9B735E529A28E3100620A63 /* Release */,
			);
			defaultConfigurationIsVisible = 0;
			defaultConfigurationName = Release;
		};
/* End XCConfigurationList section */

/* Begin XCRemoteSwiftPackageReference section */
		F95B3B82298D660D00D1B688 /* XCRemoteSwiftPackageReference "ProgressHUD" */ = {
			isa = XCRemoteSwiftPackageReference;
			repositoryURL = "https://github.com/relatedcode/ProgressHUD";
			requirement = {
				kind = upToNextMajorVersion;
				minimumVersion = 13.0.0;
			};
		};
		F9C3F97E2998F6A100133F25 /* XCRemoteSwiftPackageReference "Kingfisher" */ = {
			isa = XCRemoteSwiftPackageReference;
			repositoryURL = "https://github.com/onevcat/Kingfisher";
			requirement = {
				branch = master;
				kind = branch;
			};
		};
		F9F39001299FBF090043CE8C /* XCRemoteSwiftPackageReference "SwiftKeychainWrapper" */ = {
			isa = XCRemoteSwiftPackageReference;
			repositoryURL = "https://github.com/jrendel/SwiftKeychainWrapper";
			requirement = {
				kind = upToNextMajorVersion;
				minimumVersion = 4.0.0;
			};
		};
/* End XCRemoteSwiftPackageReference section */

/* Begin XCSwiftPackageProductDependency section */
		F95B3B83298D660D00D1B688 /* ProgressHUD */ = {
			isa = XCSwiftPackageProductDependency;
			package = F95B3B82298D660D00D1B688 /* XCRemoteSwiftPackageReference "ProgressHUD" */;
			productName = ProgressHUD;
		};
		F9C3F97F2998F6A100133F25 /* Kingfisher */ = {
			isa = XCSwiftPackageProductDependency;
			package = F9C3F97E2998F6A100133F25 /* XCRemoteSwiftPackageReference "Kingfisher" */;
			productName = Kingfisher;
		};
		F9F39002299FBF090043CE8C /* SwiftKeychainWrapper */ = {
			isa = XCSwiftPackageProductDependency;
			package = F9F39001299FBF090043CE8C /* XCRemoteSwiftPackageReference "SwiftKeychainWrapper" */;
			productName = SwiftKeychainWrapper;
		};
/* End XCSwiftPackageProductDependency section */
	};
	rootObject = F9843EE3295847EA00EB2CF4 /* Project object */;
}
