// !$*UTF8*$!
{
	archiveVersion = 1;
	classes = {
	};
	objectVersion = 56;
	objects = {

/* Begin PBXBuildFile section */
		F9594AA9295C4EA6000C9253 /* CGFloat+Extension.swift in Sources */ = {isa = PBXBuildFile; fileRef = F9594AA8295C4EA6000C9253 /* CGFloat+Extension.swift */; };
		F96083A3296D6D2300986DBE /* ImageListPresenter.swift in Sources */ = {isa = PBXBuildFile; fileRef = F96083A2296D6D2300986DBE /* ImageListPresenter.swift */; };
		F9843EEF295847EA00EB2CF4 /* AppDelegate.swift in Sources */ = {isa = PBXBuildFile; fileRef = F9843EEE295847EA00EB2CF4 /* AppDelegate.swift */; };
		F9843EF1295847EA00EB2CF4 /* SceneDelegate.swift in Sources */ = {isa = PBXBuildFile; fileRef = F9843EF0295847EA00EB2CF4 /* SceneDelegate.swift */; };
		F9843EF8295847EC00EB2CF4 /* Assets.xcassets in Resources */ = {isa = PBXBuildFile; fileRef = F9843EF7295847EC00EB2CF4 /* Assets.xcassets */; };
		F9843EFB295847EC00EB2CF4 /* LaunchScreen.storyboard in Resources */ = {isa = PBXBuildFile; fileRef = F9843EF9295847EC00EB2CF4 /* LaunchScreen.storyboard */; };
		F9843F0729585B7100EB2CF4 /* UIColor+Extension.swift in Sources */ = {isa = PBXBuildFile; fileRef = F9843F0629585B7100EB2CF4 /* UIColor+Extension.swift */; };
		F9843F0A29585BD500EB2CF4 /* UIView+Extension.swift in Sources */ = {isa = PBXBuildFile; fileRef = F9843F0929585BD500EB2CF4 /* UIView+Extension.swift */; };
		F9843F0D2958610F00EB2CF4 /* ImageListCell.swift in Sources */ = {isa = PBXBuildFile; fileRef = F9843F0C2958610F00EB2CF4 /* ImageListCell.swift */; };
		F9843F132958618C00EB2CF4 /* ImagesListCell.swift in Sources */ = {isa = PBXBuildFile; fileRef = F9843F102958618C00EB2CF4 /* ImagesListCell.swift */; };
		F9843F142958618C00EB2CF4 /* ImagesListViewController.swift in Sources */ = {isa = PBXBuildFile; fileRef = F9843F112958618C00EB2CF4 /* ImagesListViewController.swift */; };
		F9843F152958618C00EB2CF4 /* ImageLoader.swift in Sources */ = {isa = PBXBuildFile; fileRef = F9843F122958618C00EB2CF4 /* ImageLoader.swift */; };
		F9843F1A295861CF00EB2CF4 /* ProfileViewController.swift in Sources */ = {isa = PBXBuildFile; fileRef = F9843F17295861CF00EB2CF4 /* ProfileViewController.swift */; };
		F9843F1B295861CF00EB2CF4 /* WelcomeViewController.swift in Sources */ = {isa = PBXBuildFile; fileRef = F9843F18295861CF00EB2CF4 /* WelcomeViewController.swift */; };
		F9843F1C295861CF00EB2CF4 /* TabBarViewController.swift in Sources */ = {isa = PBXBuildFile; fileRef = F9843F19295861CF00EB2CF4 /* TabBarViewController.swift */; };
		F9843F212958630E00EB2CF4 /* UIImage+Extension.swift in Sources */ = {isa = PBXBuildFile; fileRef = F9843F202958630E00EB2CF4 /* UIImage+Extension.swift */; };
		F9A584CE2962CD990055FC5D /* DetailImagesListViewController.swift in Sources */ = {isa = PBXBuildFile; fileRef = F9A584CD2962CD990055FC5D /* DetailImagesListViewController.swift */; };
		F9A584DD29632FD30055FC5D /* ImageLoaderDelegate.swift in Sources */ = {isa = PBXBuildFile; fileRef = F9A584DC29632FD30055FC5D /* ImageLoaderDelegate.swift */; };
		F9A584DF29632FEF0055FC5D /* ImageLoaderProtocol.swift in Sources */ = {isa = PBXBuildFile; fileRef = F9A584DE29632FEF0055FC5D /* ImageLoaderProtocol.swift */; };
		F9B1A5752958745E002D6394 /* Date+Extension.swift in Sources */ = {isa = PBXBuildFile; fileRef = F9B1A5742958745E002D6394 /* Date+Extension.swift */; };
/* End PBXBuildFile section */

/* Begin PBXFileReference section */
		F9594AA8295C4EA6000C9253 /* CGFloat+Extension.swift */ = {isa = PBXFileReference; lastKnownFileType = sourcecode.swift; path = "CGFloat+Extension.swift"; sourceTree = "<group>"; };
		F96083A2296D6D2300986DBE /* ImageListPresenter.swift */ = {isa = PBXFileReference; lastKnownFileType = sourcecode.swift; path = ImageListPresenter.swift; sourceTree = "<group>"; };
		F9843EEB295847EA00EB2CF4 /* ImageList.app */ = {isa = PBXFileReference; explicitFileType = wrapper.application; includeInIndex = 0; path = ImageList.app; sourceTree = BUILT_PRODUCTS_DIR; };
		F9843EEE295847EA00EB2CF4 /* AppDelegate.swift */ = {isa = PBXFileReference; lastKnownFileType = sourcecode.swift; path = AppDelegate.swift; sourceTree = "<group>"; };
		F9843EF0295847EA00EB2CF4 /* SceneDelegate.swift */ = {isa = PBXFileReference; lastKnownFileType = sourcecode.swift; path = SceneDelegate.swift; sourceTree = "<group>"; };
		F9843EF7295847EC00EB2CF4 /* Assets.xcassets */ = {isa = PBXFileReference; lastKnownFileType = folder.assetcatalog; path = Assets.xcassets; sourceTree = "<group>"; };
		F9843EFA295847EC00EB2CF4 /* Base */ = {isa = PBXFileReference; lastKnownFileType = file.storyboard; name = Base; path = Base.lproj/LaunchScreen.storyboard; sourceTree = "<group>"; };
		F9843EFC295847EC00EB2CF4 /* Info.plist */ = {isa = PBXFileReference; lastKnownFileType = text.plist.xml; path = Info.plist; sourceTree = "<group>"; };
		F9843F0629585B7100EB2CF4 /* UIColor+Extension.swift */ = {isa = PBXFileReference; lastKnownFileType = sourcecode.swift; path = "UIColor+Extension.swift"; sourceTree = "<group>"; };
		F9843F0929585BD500EB2CF4 /* UIView+Extension.swift */ = {isa = PBXFileReference; lastKnownFileType = sourcecode.swift; path = "UIView+Extension.swift"; sourceTree = "<group>"; };
		F9843F0C2958610F00EB2CF4 /* ImageListCell.swift */ = {isa = PBXFileReference; fileEncoding = 4; lastKnownFileType = sourcecode.swift; path = ImageListCell.swift; sourceTree = "<group>"; };
		F9843F102958618C00EB2CF4 /* ImagesListCell.swift */ = {isa = PBXFileReference; fileEncoding = 4; lastKnownFileType = sourcecode.swift; path = ImagesListCell.swift; sourceTree = "<group>"; };
		F9843F112958618C00EB2CF4 /* ImagesListViewController.swift */ = {isa = PBXFileReference; fileEncoding = 4; lastKnownFileType = sourcecode.swift; path = ImagesListViewController.swift; sourceTree = "<group>"; };
		F9843F122958618C00EB2CF4 /* ImageLoader.swift */ = {isa = PBXFileReference; fileEncoding = 4; lastKnownFileType = sourcecode.swift; path = ImageLoader.swift; sourceTree = "<group>"; };
		F9843F17295861CF00EB2CF4 /* ProfileViewController.swift */ = {isa = PBXFileReference; fileEncoding = 4; lastKnownFileType = sourcecode.swift; path = ProfileViewController.swift; sourceTree = "<group>"; };
		F9843F18295861CF00EB2CF4 /* WelcomeViewController.swift */ = {isa = PBXFileReference; fileEncoding = 4; lastKnownFileType = sourcecode.swift; path = WelcomeViewController.swift; sourceTree = "<group>"; };
		F9843F19295861CF00EB2CF4 /* TabBarViewController.swift */ = {isa = PBXFileReference; fileEncoding = 4; lastKnownFileType = sourcecode.swift; path = TabBarViewController.swift; sourceTree = "<group>"; };
		F9843F202958630E00EB2CF4 /* UIImage+Extension.swift */ = {isa = PBXFileReference; lastKnownFileType = sourcecode.swift; path = "UIImage+Extension.swift"; sourceTree = "<group>"; };
		F9A584CD2962CD990055FC5D /* DetailImagesListViewController.swift */ = {isa = PBXFileReference; lastKnownFileType = sourcecode.swift; path = DetailImagesListViewController.swift; sourceTree = "<group>"; };
		F9A584DC29632FD30055FC5D /* ImageLoaderDelegate.swift */ = {isa = PBXFileReference; lastKnownFileType = sourcecode.swift; path = ImageLoaderDelegate.swift; sourceTree = "<group>"; };
		F9A584DE29632FEF0055FC5D /* ImageLoaderProtocol.swift */ = {isa = PBXFileReference; lastKnownFileType = sourcecode.swift; path = ImageLoaderProtocol.swift; sourceTree = "<group>"; };
		F9B1A5742958745E002D6394 /* Date+Extension.swift */ = {isa = PBXFileReference; lastKnownFileType = sourcecode.swift; path = "Date+Extension.swift"; sourceTree = "<group>"; };
/* End PBXFileReference section */

/* Begin PBXFrameworksBuildPhase section */
		F9843EE8295847EA00EB2CF4 /* Frameworks */ = {
			isa = PBXFrameworksBuildPhase;
			buildActionMask = 2147483647;
			files = (
			);
			runOnlyForDeploymentPostprocessing = 0;
		};
/* End PBXFrameworksBuildPhase section */

/* Begin PBXGroup section */
		F9594AA7295C4B02000C9253 /* Theme */ = {
			isa = PBXGroup;
			children = (
				F9843F0629585B7100EB2CF4 /* UIColor+Extension.swift */,
				F9843F202958630E00EB2CF4 /* UIImage+Extension.swift */,
				F9594AA8295C4EA6000C9253 /* CGFloat+Extension.swift */,
			);
			path = Theme;
			sourceTree = "<group>";
		};
		F96083A7296D89C700986DBE /* Core */ = {
			isa = PBXGroup;
			children = (
				F9843F19295861CF00EB2CF4 /* TabBarViewController.swift */,
				F9843F18295861CF00EB2CF4 /* WelcomeViewController.swift */,
				F9843F112958618C00EB2CF4 /* ImagesListViewController.swift */,
				F9843F17295861CF00EB2CF4 /* ProfileViewController.swift */,
			);
			path = Core;
			sourceTree = "<group>";
		};
		F96083A8296D8C0500986DBE /* Services */ = {
			isa = PBXGroup;
			children = (
				F9843F122958618C00EB2CF4 /* ImageLoader.swift */,
			);
			path = Services;
			sourceTree = "<group>";
		};
		F9843EE2295847EA00EB2CF4 = {
			isa = PBXGroup;
			children = (
				F9843EED295847EA00EB2CF4 /* ImageList */,
				F9843EEC295847EA00EB2CF4 /* Products */,
			);
			sourceTree = "<group>";
		};
		F9843EEC295847EA00EB2CF4 /* Products */ = {
			isa = PBXGroup;
			children = (
				F9843EEB295847EA00EB2CF4 /* ImageList.app */,
			);
			name = Products;
			sourceTree = "<group>";
		};
		F9843EED295847EA00EB2CF4 /* ImageList */ = {
			isa = PBXGroup;
			children = (
				F9843EEE295847EA00EB2CF4 /* AppDelegate.swift */,
				F9843EF0295847EA00EB2CF4 /* SceneDelegate.swift */,
				F9A584D629630CE10055FC5D /* Protocols */,
				F96083A8296D8C0500986DBE /* Services */,
				F9843F0B2958610000EB2CF4 /* Models */,
				F9DA07E2296C9A2D00F210D9 /* Presenter */,
				F9DA07DF296C974400F210D9 /* View+Controllers */,
				F9843F0829585BB500EB2CF4 /* Helper */,
				F9843F0E2958614F00EB2CF4 /* Resources */,
				F9843EFC295847EC00EB2CF4 /* Info.plist */,
			);
			path = ImageList;
			sourceTree = "<group>";
		};
		F9843F0829585BB500EB2CF4 /* Helper */ = {
			isa = PBXGroup;
			children = (
				F9594AA7295C4B02000C9253 /* Theme */,
				F9B1A5742958745E002D6394 /* Date+Extension.swift */,
				F9843F0929585BD500EB2CF4 /* UIView+Extension.swift */,
			);
			path = Helper;
			sourceTree = "<group>";
		};
		F9843F0B2958610000EB2CF4 /* Models */ = {
			isa = PBXGroup;
			children = (
				F9843F0C2958610F00EB2CF4 /* ImageListCell.swift */,
			);
			path = Models;
			sourceTree = "<group>";
		};
		F9843F0E2958614F00EB2CF4 /* Resources */ = {
			isa = PBXGroup;
			children = (
				F9843EF9295847EC00EB2CF4 /* LaunchScreen.storyboard */,
				F9843EF7295847EC00EB2CF4 /* Assets.xcassets */,
			);
			path = Resources;
			sourceTree = "<group>";
		};
		F9A584D629630CE10055FC5D /* Protocols */ = {
			isa = PBXGroup;
			children = (
				F9A584DC29632FD30055FC5D /* ImageLoaderDelegate.swift */,
				F9A584DE29632FEF0055FC5D /* ImageLoaderProtocol.swift */,
			);
			path = Protocols;
			sourceTree = "<group>";
		};
		F9DA07DF296C974400F210D9 /* View+Controllers */ = {
			isa = PBXGroup;
			children = (
				F9843F102958618C00EB2CF4 /* ImagesListCell.swift */,
				F9A584CD2962CD990055FC5D /* DetailImagesListViewController.swift */,
				F96083A7296D89C700986DBE /* Core */,
			);
			path = "View+Controllers";
			sourceTree = "<group>";
		};
		F9DA07E2296C9A2D00F210D9 /* Presenter */ = {
			isa = PBXGroup;
			children = (
				F96083A2296D6D2300986DBE /* ImageListPresenter.swift */,
			);
			path = Presenter;
			sourceTree = "<group>";
		};
/* End PBXGroup section */

/* Begin PBXNativeTarget section */
		F9843EEA295847EA00EB2CF4 /* ImageList */ = {
			isa = PBXNativeTarget;
			buildConfigurationList = F9843EFF295847EC00EB2CF4 /* Build configuration list for PBXNativeTarget "ImageList" */;
			buildPhases = (
				F9B1A57629587B91002D6394 /* SwiftLint */,
				F9843EE7295847EA00EB2CF4 /* Sources */,
				F9843EE8295847EA00EB2CF4 /* Frameworks */,
				F9843EE9295847EA00EB2CF4 /* Resources */,
			);
			buildRules = (
			);
			dependencies = (
			);
			name = ImageList;
			productName = ImageList;
			productReference = F9843EEB295847EA00EB2CF4 /* ImageList.app */;
			productType = "com.apple.product-type.application";
		};
/* End PBXNativeTarget section */

/* Begin PBXProject section */
		F9843EE3295847EA00EB2CF4 /* Project object */ = {
			isa = PBXProject;
			attributes = {
				BuildIndependentTargetsInParallel = 1;
				LastSwiftUpdateCheck = 1420;
				LastUpgradeCheck = 1420;
				TargetAttributes = {
					F9843EEA295847EA00EB2CF4 = {
						CreatedOnToolsVersion = 14.2;
					};
				};
			};
			buildConfigurationList = F9843EE6295847EA00EB2CF4 /* Build configuration list for PBXProject "ImageList" */;
			compatibilityVersion = "Xcode 14.0";
			developmentRegion = en;
			hasScannedForEncodings = 0;
			knownRegions = (
				en,
				Base,
			);
			mainGroup = F9843EE2295847EA00EB2CF4;
			productRefGroup = F9843EEC295847EA00EB2CF4 /* Products */;
			projectDirPath = "";
			projectRoot = "";
			targets = (
				F9843EEA295847EA00EB2CF4 /* ImageList */,
			);
		};
/* End PBXProject section */

/* Begin PBXResourcesBuildPhase section */
		F9843EE9295847EA00EB2CF4 /* Resources */ = {
			isa = PBXResourcesBuildPhase;
			buildActionMask = 2147483647;
			files = (
				F9843EFB295847EC00EB2CF4 /* LaunchScreen.storyboard in Resources */,
				F9843EF8295847EC00EB2CF4 /* Assets.xcassets in Resources */,
			);
			runOnlyForDeploymentPostprocessing = 0;
		};
/* End PBXResourcesBuildPhase section */

/* Begin PBXShellScriptBuildPhase section */
		F9B1A57629587B91002D6394 /* SwiftLint */ = {
			isa = PBXShellScriptBuildPhase;
			alwaysOutOfDate = 1;
			buildActionMask = 12;
			files = (
			);
			inputFileListPaths = (
			);
			inputPaths = (
			);
			name = SwiftLint;
			outputFileListPaths = (
			);
			outputPaths = (
			);
			runOnlyForDeploymentPostprocessing = 0;
			shellPath = /bin/sh;
			shellScript = "export PATH=\"$PATH:/opt/homebrew/bin\"\nif which swiftlint > /dev/null; then\n  swiftlint\nelse\n  echo \"warning: SwiftLint not installed, download from https://github.com/realm/SwiftLint\"\nfi\n";
		};
/* End PBXShellScriptBuildPhase section */

/* Begin PBXSourcesBuildPhase section */
		F9843EE7295847EA00EB2CF4 /* Sources */ = {
			isa = PBXSourcesBuildPhase;
			buildActionMask = 2147483647;
			files = (
				F9843F212958630E00EB2CF4 /* UIImage+Extension.swift in Sources */,
				F9843F0D2958610F00EB2CF4 /* ImageListCell.swift in Sources */,
				F9843F1B295861CF00EB2CF4 /* WelcomeViewController.swift in Sources */,
				F9B1A5752958745E002D6394 /* Date+Extension.swift in Sources */,
				F9843F1A295861CF00EB2CF4 /* ProfileViewController.swift in Sources */,
				F9843F1C295861CF00EB2CF4 /* TabBarViewController.swift in Sources */,
				F96083A3296D6D2300986DBE /* ImageListPresenter.swift in Sources */,
				F9A584DD29632FD30055FC5D /* ImageLoaderDelegate.swift in Sources */,
				F9843F142958618C00EB2CF4 /* ImagesListViewController.swift in Sources */,
				F9A584CE2962CD990055FC5D /* DetailImagesListViewController.swift in Sources */,
				F9843EEF295847EA00EB2CF4 /* AppDelegate.swift in Sources */,
				F9843F132958618C00EB2CF4 /* ImagesListCell.swift in Sources */,
				F9A584DF29632FEF0055FC5D /* ImageLoaderProtocol.swift in Sources */,
				F9843F152958618C00EB2CF4 /* ImageLoader.swift in Sources */,
				F9843EF1295847EA00EB2CF4 /* SceneDelegate.swift in Sources */,
				F9843F0A29585BD500EB2CF4 /* UIView+Extension.swift in Sources */,
				F9843F0729585B7100EB2CF4 /* UIColor+Extension.swift in Sources */,
				F9594AA9295C4EA6000C9253 /* CGFloat+Extension.swift in Sources */,
			);
			runOnlyForDeploymentPostprocessing = 0;
		};
/* End PBXSourcesBuildPhase section */

/* Begin PBXVariantGroup section */
		F9843EF9295847EC00EB2CF4 /* LaunchScreen.storyboard */ = {
			isa = PBXVariantGroup;
			children = (
				F9843EFA295847EC00EB2CF4 /* Base */,
			);
			name = LaunchScreen.storyboard;
			sourceTree = "<group>";
		};
/* End PBXVariantGroup section */

/* Begin XCBuildConfiguration section */
		F9843EFD295847EC00EB2CF4 /* Debug */ = {
			isa = XCBuildConfiguration;
			buildSettings = {
				ALWAYS_SEARCH_USER_PATHS = NO;
				CLANG_ANALYZER_NONNULL = YES;
				CLANG_ANALYZER_NUMBER_OBJECT_CONVERSION = YES_AGGRESSIVE;
				CLANG_CXX_LANGUAGE_STANDARD = "gnu++20";
				CLANG_ENABLE_MODULES = YES;
				CLANG_ENABLE_OBJC_ARC = YES;
				CLANG_ENABLE_OBJC_WEAK = YES;
				CLANG_WARN_BLOCK_CAPTURE_AUTORELEASING = YES;
				CLANG_WARN_BOOL_CONVERSION = YES;
				CLANG_WARN_COMMA = YES;
				CLANG_WARN_CONSTANT_CONVERSION = YES;
				CLANG_WARN_DEPRECATED_OBJC_IMPLEMENTATIONS = YES;
				CLANG_WARN_DIRECT_OBJC_ISA_USAGE = YES_ERROR;
				CLANG_WARN_DOCUMENTATION_COMMENTS = YES;
				CLANG_WARN_EMPTY_BODY = YES;
				CLANG_WARN_ENUM_CONVERSION = YES;
				CLANG_WARN_INFINITE_RECURSION = YES;
				CLANG_WARN_INT_CONVERSION = YES;
				CLANG_WARN_NON_LITERAL_NULL_CONVERSION = YES;
				CLANG_WARN_OBJC_IMPLICIT_RETAIN_SELF = YES;
				CLANG_WARN_OBJC_LITERAL_CONVERSION = YES;
				CLANG_WARN_OBJC_ROOT_CLASS = YES_ERROR;
				CLANG_WARN_QUOTED_INCLUDE_IN_FRAMEWORK_HEADER = YES;
				CLANG_WARN_RANGE_LOOP_ANALYSIS = YES;
				CLANG_WARN_STRICT_PROTOTYPES = YES;
				CLANG_WARN_SUSPICIOUS_MOVE = YES;
				CLANG_WARN_UNGUARDED_AVAILABILITY = YES_AGGRESSIVE;
				CLANG_WARN_UNREACHABLE_CODE = YES;
				CLANG_WARN__DUPLICATE_METHOD_MATCH = YES;
				COPY_PHASE_STRIP = NO;
				DEBUG_INFORMATION_FORMAT = dwarf;
				ENABLE_STRICT_OBJC_MSGSEND = YES;
				ENABLE_TESTABILITY = YES;
				GCC_C_LANGUAGE_STANDARD = gnu11;
				GCC_DYNAMIC_NO_PIC = NO;
				GCC_NO_COMMON_BLOCKS = YES;
				GCC_OPTIMIZATION_LEVEL = 0;
				GCC_PREPROCESSOR_DEFINITIONS = (
					"DEBUG=1",
					"$(inherited)",
				);
				GCC_WARN_64_TO_32_BIT_CONVERSION = YES;
				GCC_WARN_ABOUT_RETURN_TYPE = YES_ERROR;
				GCC_WARN_UNDECLARED_SELECTOR = YES;
				GCC_WARN_UNINITIALIZED_AUTOS = YES_AGGRESSIVE;
				GCC_WARN_UNUSED_FUNCTION = YES;
				GCC_WARN_UNUSED_VARIABLE = YES;
				IPHONEOS_DEPLOYMENT_TARGET = 13.0;
				MTL_ENABLE_DEBUG_INFO = INCLUDE_SOURCE;
				MTL_FAST_MATH = YES;
				ONLY_ACTIVE_ARCH = YES;
				SDKROOT = iphoneos;
				SWIFT_ACTIVE_COMPILATION_CONDITIONS = DEBUG;
				SWIFT_OPTIMIZATION_LEVEL = "-Onone";
			};
			name = Debug;
		};
		F9843EFE295847EC00EB2CF4 /* Release */ = {
			isa = XCBuildConfiguration;
			buildSettings = {
				ALWAYS_SEARCH_USER_PATHS = NO;
				CLANG_ANALYZER_NONNULL = YES;
				CLANG_ANALYZER_NUMBER_OBJECT_CONVERSION = YES_AGGRESSIVE;
				CLANG_CXX_LANGUAGE_STANDARD = "gnu++20";
				CLANG_ENABLE_MODULES = YES;
				CLANG_ENABLE_OBJC_ARC = YES;
				CLANG_ENABLE_OBJC_WEAK = YES;
				CLANG_WARN_BLOCK_CAPTURE_AUTORELEASING = YES;
				CLANG_WARN_BOOL_CONVERSION = YES;
				CLANG_WARN_COMMA = YES;
				CLANG_WARN_CONSTANT_CONVERSION = YES;
				CLANG_WARN_DEPRECATED_OBJC_IMPLEMENTATIONS = YES;
				CLANG_WARN_DIRECT_OBJC_ISA_USAGE = YES_ERROR;
				CLANG_WARN_DOCUMENTATION_COMMENTS = YES;
				CLANG_WARN_EMPTY_BODY = YES;
				CLANG_WARN_ENUM_CONVERSION = YES;
				CLANG_WARN_INFINITE_RECURSION = YES;
				CLANG_WARN_INT_CONVERSION = YES;
				CLANG_WARN_NON_LITERAL_NULL_CONVERSION = YES;
				CLANG_WARN_OBJC_IMPLICIT_RETAIN_SELF = YES;
				CLANG_WARN_OBJC_LITERAL_CONVERSION = YES;
				CLANG_WARN_OBJC_ROOT_CLASS = YES_ERROR;
				CLANG_WARN_QUOTED_INCLUDE_IN_FRAMEWORK_HEADER = YES;
				CLANG_WARN_RANGE_LOOP_ANALYSIS = YES;
				CLANG_WARN_STRICT_PROTOTYPES = YES;
				CLANG_WARN_SUSPICIOUS_MOVE = YES;
				CLANG_WARN_UNGUARDED_AVAILABILITY = YES_AGGRESSIVE;
				CLANG_WARN_UNREACHABLE_CODE = YES;
				CLANG_WARN__DUPLICATE_METHOD_MATCH = YES;
				COPY_PHASE_STRIP = NO;
				DEBUG_INFORMATION_FORMAT = "dwarf-with-dsym";
				ENABLE_NS_ASSERTIONS = NO;
				ENABLE_STRICT_OBJC_MSGSEND = YES;
				GCC_C_LANGUAGE_STANDARD = gnu11;
				GCC_NO_COMMON_BLOCKS = YES;
				GCC_WARN_64_TO_32_BIT_CONVERSION = YES;
				GCC_WARN_ABOUT_RETURN_TYPE = YES_ERROR;
				GCC_WARN_UNDECLARED_SELECTOR = YES;
				GCC_WARN_UNINITIALIZED_AUTOS = YES_AGGRESSIVE;
				GCC_WARN_UNUSED_FUNCTION = YES;
				GCC_WARN_UNUSED_VARIABLE = YES;
				IPHONEOS_DEPLOYMENT_TARGET = 13.0;
				MTL_ENABLE_DEBUG_INFO = NO;
				MTL_FAST_MATH = YES;
				SDKROOT = iphoneos;
				SWIFT_COMPILATION_MODE = wholemodule;
				SWIFT_OPTIMIZATION_LEVEL = "-O";
				VALIDATE_PRODUCT = YES;
			};
			name = Release;
		};
		F9843F00295847EC00EB2CF4 /* Debug */ = {
			isa = XCBuildConfiguration;
			buildSettings = {
				ASSETCATALOG_COMPILER_APPICON_NAME = AppIcon;
				ASSETCATALOG_COMPILER_GLOBAL_ACCENT_COLOR_NAME = AccentColor;
				CODE_SIGN_STYLE = Automatic;
				CURRENT_PROJECT_VERSION = 1;
				DEVELOPMENT_TEAM = LQ88P485N9;
				GENERATE_INFOPLIST_FILE = YES;
				INFOPLIST_FILE = ImageList/Info.plist;
				INFOPLIST_KEY_UIApplicationSupportsIndirectInputEvents = YES;
				INFOPLIST_KEY_UILaunchStoryboardName = LaunchScreen;
				INFOPLIST_KEY_UIStatusBarHidden = NO;
				INFOPLIST_KEY_UIStatusBarStyle = UIStatusBarStyleLightContent;
				INFOPLIST_KEY_UISupportedInterfaceOrientations = UIInterfaceOrientationPortrait;
				IPHONEOS_DEPLOYMENT_TARGET = 13.0;
				LD_RUNPATH_SEARCH_PATHS = (
					"$(inherited)",
					"@executable_path/Frameworks",
				);
				MARKETING_VERSION = 1.0;
				PRODUCT_BUNDLE_IDENTIFIER = qwe.ImageList;
				PRODUCT_NAME = "$(TARGET_NAME)";
				SUPPORTED_PLATFORMS = "iphoneos iphonesimulator";
				SUPPORTS_MACCATALYST = NO;
				SUPPORTS_MAC_DESIGNED_FOR_IPHONE_IPAD = NO;
				SWIFT_EMIT_LOC_STRINGS = YES;
				SWIFT_VERSION = 5.0;
				TARGETED_DEVICE_FAMILY = 1;
			};
			name = Debug;
		};
		F9843F01295847EC00EB2CF4 /* Release */ = {
			isa = XCBuildConfiguration;
			buildSettings = {
				ASSETCATALOG_COMPILER_APPICON_NAME = AppIcon;
				ASSETCATALOG_COMPILER_GLOBAL_ACCENT_COLOR_NAME = AccentColor;
				CODE_SIGN_STYLE = Automatic;
				CURRENT_PROJECT_VERSION = 1;
				DEVELOPMENT_TEAM = LQ88P485N9;
				GENERATE_INFOPLIST_FILE = YES;
				INFOPLIST_FILE = ImageList/Info.plist;
				INFOPLIST_KEY_UIApplicationSupportsIndirectInputEvents = YES;
				INFOPLIST_KEY_UILaunchStoryboardName = LaunchScreen;
				INFOPLIST_KEY_UIStatusBarHidden = NO;
				INFOPLIST_KEY_UIStatusBarStyle = UIStatusBarStyleLightContent;
				INFOPLIST_KEY_UISupportedInterfaceOrientations = UIInterfaceOrientationPortrait;
				IPHONEOS_DEPLOYMENT_TARGET = 13.0;
				LD_RUNPATH_SEARCH_PATHS = (
					"$(inherited)",
					"@executable_path/Frameworks",
				);
				MARKETING_VERSION = 1.0;
				PRODUCT_BUNDLE_IDENTIFIER = qwe.ImageList;
				PRODUCT_NAME = "$(TARGET_NAME)";
				SUPPORTED_PLATFORMS = "iphoneos iphonesimulator";
				SUPPORTS_MACCATALYST = NO;
				SUPPORTS_MAC_DESIGNED_FOR_IPHONE_IPAD = NO;
				SWIFT_EMIT_LOC_STRINGS = YES;
				SWIFT_VERSION = 5.0;
				TARGETED_DEVICE_FAMILY = 1;
			};
			name = Release;
		};
/* End XCBuildConfiguration section */

/* Begin XCConfigurationList section */
		F9843EE6295847EA00EB2CF4 /* Build configuration list for PBXProject "ImageList" */ = {
			isa = XCConfigurationList;
			buildConfigurations = (
				F9843EFD295847EC00EB2CF4 /* Debug */,
				F9843EFE295847EC00EB2CF4 /* Release */,
			);
			defaultConfigurationIsVisible = 0;
			defaultConfigurationName = Release;
		};
		F9843EFF295847EC00EB2CF4 /* Build configuration list for PBXNativeTarget "ImageList" */ = {
			isa = XCConfigurationList;
			buildConfigurations = (
				F9843F00295847EC00EB2CF4 /* Debug */,
				F9843F01295847EC00EB2CF4 /* Release */,
			);
			defaultConfigurationIsVisible = 0;
			defaultConfigurationName = Release;
		};
/* End XCConfigurationList section */
	};
	rootObject = F9843EE3295847EA00EB2CF4 /* Project object */;
}
